// !$*UTF8*$!
{
	archiveVersion = 1;
	classes = {
	};
	objectVersion = 55;
	objects = {

/* Begin PBXBuildFile section */
		C47E7A0327D3D11000A19EE8 /* AppDelegate.swift in Sources */ = {isa = PBXBuildFile; fileRef = C47E7A0227D3D11000A19EE8 /* AppDelegate.swift */; };
		C47E7A0527D3D11000A19EE8 /* SceneDelegate.swift in Sources */ = {isa = PBXBuildFile; fileRef = C47E7A0427D3D11000A19EE8 /* SceneDelegate.swift */; };
		C47E7A0727D3D11000A19EE8 /* ViewController.swift in Sources */ = {isa = PBXBuildFile; fileRef = C47E7A0627D3D11000A19EE8 /* ViewController.swift */; };
		C47E7A0A27D3D11000A19EE8 /* Main.storyboard in Resources */ = {isa = PBXBuildFile; fileRef = C47E7A0827D3D11000A19EE8 /* Main.storyboard */; };
		C47E7A0C27D3D11500A19EE8 /* Assets.xcassets in Resources */ = {isa = PBXBuildFile; fileRef = C47E7A0B27D3D11500A19EE8 /* Assets.xcassets */; };
		C47E7A0F27D3D11500A19EE8 /* LaunchScreen.storyboard in Resources */ = {isa = PBXBuildFile; fileRef = C47E7A0D27D3D11500A19EE8 /* LaunchScreen.storyboard */; };
		C47E7A1727D406B900A19EE8 /* SheetView.swift in Sources */ = {isa = PBXBuildFile; fileRef = C47E7A1627D406B900A19EE8 /* SheetView.swift */; };
		C47E7A1927D507D000A19EE8 /* DialogView.swift in Sources */ = {isa = PBXBuildFile; fileRef = C47E7A1827D507D000A19EE8 /* DialogView.swift */; };
/* End PBXBuildFile section */

/* Begin PBXFileReference section */
		C47E79FF27D3D11000A19EE8 /* CDDemo.app */ = {isa = PBXFileReference; explicitFileType = wrapper.application; includeInIndex = 0; path = CDDemo.app; sourceTree = BUILT_PRODUCTS_DIR; };
		C47E7A0227D3D11000A19EE8 /* AppDelegate.swift */ = {isa = PBXFileReference; lastKnownFileType = sourcecode.swift; path = AppDelegate.swift; sourceTree = "<group>"; };
		C47E7A0427D3D11000A19EE8 /* SceneDelegate.swift */ = {isa = PBXFileReference; lastKnownFileType = sourcecode.swift; path = SceneDelegate.swift; sourceTree = "<group>"; };
		C47E7A0627D3D11000A19EE8 /* ViewController.swift */ = {isa = PBXFileReference; lastKnownFileType = sourcecode.swift; path = ViewController.swift; sourceTree = "<group>"; };
		C47E7A0927D3D11000A19EE8 /* Base */ = {isa = PBXFileReference; lastKnownFileType = file.storyboard; name = Base; path = Base.lproj/Main.storyboard; sourceTree = "<group>"; };
		C47E7A0B27D3D11500A19EE8 /* Assets.xcassets */ = {isa = PBXFileReference; lastKnownFileType = folder.assetcatalog; path = Assets.xcassets; sourceTree = "<group>"; };
		C47E7A0E27D3D11500A19EE8 /* Base */ = {isa = PBXFileReference; lastKnownFileType = file.storyboard; name = Base; path = Base.lproj/LaunchScreen.storyboard; sourceTree = "<group>"; };
		C47E7A1027D3D11500A19EE8 /* Info.plist */ = {isa = PBXFileReference; lastKnownFileType = text.plist.xml; path = Info.plist; sourceTree = "<group>"; };
		C47E7A1627D406B900A19EE8 /* SheetView.swift */ = {isa = PBXFileReference; lastKnownFileType = sourcecode.swift; path = SheetView.swift; sourceTree = "<group>"; };
		C47E7A1827D507D000A19EE8 /* DialogView.swift */ = {isa = PBXFileReference; lastKnownFileType = sourcecode.swift; path = DialogView.swift; sourceTree = "<group>"; };
/* End PBXFileReference section */

/* Begin PBXFrameworksBuildPhase section */
		C47E79FC27D3D11000A19EE8 /* Frameworks */ = {
			isa = PBXFrameworksBuildPhase;
			buildActionMask = 2147483647;
			files = (
			);
			runOnlyForDeploymentPostprocessing = 0;
		};
/* End PBXFrameworksBuildPhase section */

/* Begin PBXGroup section */
		C47E79F627D3D11000A19EE8 = {
			isa = PBXGroup;
			children = (
				C47E7A0127D3D11000A19EE8 /* CDDemo */,
				C47E7A0027D3D11000A19EE8 /* Products */,
			);
			sourceTree = "<group>";
		};
		C47E7A0027D3D11000A19EE8 /* Products */ = {
			isa = PBXGroup;
			children = (
				C47E79FF27D3D11000A19EE8 /* CDDemo.app */,
			);
			name = Products;
			sourceTree = "<group>";
		};
		C47E7A0127D3D11000A19EE8 /* CDDemo */ = {
			isa = PBXGroup;
			children = (
				C47E7A0227D3D11000A19EE8 /* AppDelegate.swift */,
				C47E7A0427D3D11000A19EE8 /* SceneDelegate.swift */,
				C47E7A0627D3D11000A19EE8 /* ViewController.swift */,
				C47E7A0827D3D11000A19EE8 /* Main.storyboard */,
				C47E7A0B27D3D11500A19EE8 /* Assets.xcassets */,
				C47E7A0D27D3D11500A19EE8 /* LaunchScreen.storyboard */,
				C47E7A1027D3D11500A19EE8 /* Info.plist */,
				C47E7A1627D406B900A19EE8 /* SheetView.swift */,
				C47E7A1827D507D000A19EE8 /* DialogView.swift */,
			);
			path = CDDemo;
			sourceTree = "<group>";
		};
/* End PBXGroup section */

/* Begin PBXNativeTarget section */
		C47E79FE27D3D11000A19EE8 /* CDDemo */ = {
			isa = PBXNativeTarget;
			buildConfigurationList = C47E7A1327D3D11500A19EE8 /* Build configuration list for PBXNativeTarget "CDDemo" */;
			buildPhases = (
				C47E79FB27D3D11000A19EE8 /* Sources */,
				C47E79FC27D3D11000A19EE8 /* Frameworks */,
				C47E79FD27D3D11000A19EE8 /* Resources */,
			);
			buildRules = (
			);
			dependencies = (
			);
			name = CDDemo;
			productName = CDDemo;
			productReference = C47E79FF27D3D11000A19EE8 /* CDDemo.app */;
			productType = "com.apple.product-type.application";
		};
/* End PBXNativeTarget section */

/* Begin PBXProject section */
		C47E79F727D3D11000A19EE8 /* Project object */ = {
			isa = PBXProject;
			attributes = {
				BuildIndependentTargetsInParallel = 1;
				LastSwiftUpdateCheck = 1320;
				LastUpgradeCheck = 1320;
				TargetAttributes = {
					C47E79FE27D3D11000A19EE8 = {
						CreatedOnToolsVersion = 13.2;
					};
				};
			};
			buildConfigurationList = C47E79FA27D3D11000A19EE8 /* Build configuration list for PBXProject "CDDemo" */;
			compatibilityVersion = "Xcode 13.0";
			developmentRegion = en;
			hasScannedForEncodings = 0;
			knownRegions = (
				en,
				Base,
			);
			mainGroup = C47E79F627D3D11000A19EE8;
			productRefGroup = C47E7A0027D3D11000A19EE8 /* Products */;
			projectDirPath = "";
			projectRoot = "";
			targets = (
				C47E79FE27D3D11000A19EE8 /* CDDemo */,
			);
		};
/* End PBXProject section */

/* Begin PBXResourcesBuildPhase section */
		C47E79FD27D3D11000A19EE8 /* Resources */ = {
			isa = PBXResourcesBuildPhase;
			buildActionMask = 2147483647;
			files = (
				C47E7A0F27D3D11500A19EE8 /* LaunchScreen.storyboard in Resources */,
				C47E7A0C27D3D11500A19EE8 /* Assets.xcassets in Resources */,
				C47E7A0A27D3D11000A19EE8 /* Main.storyboard in Resources */,
			);
			runOnlyForDeploymentPostprocessing = 0;
		};
/* End PBXResourcesBuildPhase section */

/* Begin PBXSourcesBuildPhase section */
		C47E79FB27D3D11000A19EE8 /* Sources */ = {
			isa = PBXSourcesBuildPhase;
			buildActionMask = 2147483647;
			files = (
				C47E7A0727D3D11000A19EE8 /* ViewController.swift in Sources */,
				C47E7A0327D3D11000A19EE8 /* AppDelegate.swift in Sources */,
				C47E7A1927D507D000A19EE8 /* DialogView.swift in Sources */,
				C47E7A1727D406B900A19EE8 /* SheetView.swift in Sources */,
				C47E7A0527D3D11000A19EE8 /* SceneDelegate.swift in Sources */,
			);
			runOnlyForDeploymentPostprocessing = 0;
		};
/* End PBXSourcesBuildPhase section */

/* Begin PBXVariantGroup section */
		C47E7A0827D3D11000A19EE8 /* Main.storyboard */ = {
			isa = PBXVariantGroup;
			children = (
				C47E7A0927D3D11000A19EE8 /* Base */,
			);
			name = Main.storyboard;
			sourceTree = "<group>";
		};
		C47E7A0D27D3D11500A19EE8 /* LaunchScreen.storyboard */ = {
			isa = PBXVariantGroup;
			children = (
				C47E7A0E27D3D11500A19EE8 /* Base */,
			);
			name = LaunchScreen.storyboard;
			sourceTree = "<group>";
		};
/* End PBXVariantGroup section */

/* Begin XCBuildConfiguration section */
		C47E7A1127D3D11500A19EE8 /* Debug */ = {
			isa = XCBuildConfiguration;
			buildSettings = {
				ALWAYS_SEARCH_USER_PATHS = NO;
				CLANG_ANALYZER_NONNULL = YES;
				CLANG_ANALYZER_NUMBER_OBJECT_CONVERSION = YES_AGGRESSIVE;
				CLANG_CXX_LANGUAGE_STANDARD = "gnu++17";
				CLANG_CXX_LIBRARY = "libc++";
				CLANG_ENABLE_MODULES = YES;
				CLANG_ENABLE_OBJC_ARC = YES;
				CLANG_ENABLE_OBJC_WEAK = YES;
				CLANG_WARN_BLOCK_CAPTURE_AUTORELEASING = YES;
				CLANG_WARN_BOOL_CONVERSION = YES;
				CLANG_WARN_COMMA = YES;
				CLANG_WARN_CONSTANT_CONVERSION = YES;
				CLANG_WARN_DEPRECATED_OBJC_IMPLEMENTATIONS = YES;
				CLANG_WARN_DIRECT_OBJC_ISA_USAGE = YES_ERROR;
				CLANG_WARN_DOCUMENTATION_COMMENTS = YES;
				CLANG_WARN_EMPTY_BODY = YES;
				CLANG_WARN_ENUM_CONVERSION = YES;
				CLANG_WARN_INFINITE_RECURSION = YES;
				CLANG_WARN_INT_CONVERSION = YES;
				CLANG_WARN_NON_LITERAL_NULL_CONVERSION = YES;
				CLANG_WARN_OBJC_IMPLICIT_RETAIN_SELF = YES;
				CLANG_WARN_OBJC_LITERAL_CONVERSION = YES;
				CLANG_WARN_OBJC_ROOT_CLASS = YES_ERROR;
				CLANG_WARN_QUOTED_INCLUDE_IN_FRAMEWORK_HEADER = YES;
				CLANG_WARN_RANGE_LOOP_ANALYSIS = YES;
				CLANG_WARN_STRICT_PROTOTYPES = YES;
				CLANG_WARN_SUSPICIOUS_MOVE = YES;
				CLANG_WARN_UNGUARDED_AVAILABILITY = YES_AGGRESSIVE;
				CLANG_WARN_UNREACHABLE_CODE = YES;
				CLANG_WARN__DUPLICATE_METHOD_MATCH = YES;
				COPY_PHASE_STRIP = NO;
				DEBUG_INFORMATION_FORMAT = dwarf;
				ENABLE_STRICT_OBJC_MSGSEND = YES;
				ENABLE_TESTABILITY = YES;
				GCC_C_LANGUAGE_STANDARD = gnu11;
				GCC_DYNAMIC_NO_PIC = NO;
				GCC_NO_COMMON_BLOCKS = YES;
				GCC_OPTIMIZATION_LEVEL = 0;
				GCC_PREPROCESSOR_DEFINITIONS = (
					"DEBUG=1",
					"$(inherited)",
				);
				GCC_WARN_64_TO_32_BIT_CONVERSION = YES;
				GCC_WARN_ABOUT_RETURN_TYPE = YES_ERROR;
				GCC_WARN_UNDECLARED_SELECTOR = YES;
				GCC_WARN_UNINITIALIZED_AUTOS = YES_AGGRESSIVE;
				GCC_WARN_UNUSED_FUNCTION = YES;
				GCC_WARN_UNUSED_VARIABLE = YES;
				IPHONEOS_DEPLOYMENT_TARGET = 15.2;
				MTL_ENABLE_DEBUG_INFO = INCLUDE_SOURCE;
				MTL_FAST_MATH = YES;
				ONLY_ACTIVE_ARCH = YES;
				SDKROOT = iphoneos;
				SWIFT_ACTIVE_COMPILATION_CONDITIONS = DEBUG;
				SWIFT_OPTIMIZATION_LEVEL = "-Onone";
			};
			name = Debug;
		};
		C47E7A1227D3D11500A19EE8 /* Release */ = {
			isa = XCBuildConfiguration;
			buildSettings = {
				ALWAYS_SEARCH_USER_PATHS = NO;
				CLANG_ANALYZER_NONNULL = YES;
				CLANG_ANALYZER_NUMBER_OBJECT_CONVERSION = YES_AGGRESSIVE;
				CLANG_CXX_LANGUAGE_STANDARD = "gnu++17";
				CLANG_CXX_LIBRARY = "libc++";
				CLANG_ENABLE_MODULES = YES;
				CLANG_ENABLE_OBJC_ARC = YES;
				CLANG_ENABLE_OBJC_WEAK = YES;
				CLANG_WARN_BLOCK_CAPTURE_AUTORELEASING = YES;
				CLANG_WARN_BOOL_CONVERSION = YES;
				CLANG_WARN_COMMA = YES;
				CLANG_WARN_CONSTANT_CONVERSION = YES;
				CLANG_WARN_DEPRECATED_OBJC_IMPLEMENTATIONS = YES;
				CLANG_WARN_DIRECT_OBJC_ISA_USAGE = YES_ERROR;
				CLANG_WARN_DOCUMENTATION_COMMENTS = YES;
				CLANG_WARN_EMPTY_BODY = YES;
				CLANG_WARN_ENUM_CONVERSION = YES;
				CLANG_WARN_INFINITE_RECURSION = YES;
				CLANG_WARN_INT_CONVERSION = YES;
				CLANG_WARN_NON_LITERAL_NULL_CONVERSION = YES;
				CLANG_WARN_OBJC_IMPLICIT_RETAIN_SELF = YES;
				CLANG_WARN_OBJC_LITERAL_CONVERSION = YES;
				CLANG_WARN_OBJC_ROOT_CLASS = YES_ERROR;
				CLANG_WARN_QUOTED_INCLUDE_IN_FRAMEWORK_HEADER = YES;
				CLANG_WARN_RANGE_LOOP_ANALYSIS = YES;
				CLANG_WARN_STRICT_PROTOTYPES = YES;
				CLANG_WARN_SUSPICIOUS_MOVE = YES;
				CLANG_WARN_UNGUARDED_AVAILABILITY = YES_AGGRESSIVE;
				CLANG_WARN_UNREACHABLE_CODE = YES;
				CLANG_WARN__DUPLICATE_METHOD_MATCH = YES;
				COPY_PHASE_STRIP = NO;
				DEBUG_INFORMATION_FORMAT = "dwarf-with-dsym";
				ENABLE_NS_ASSERTIONS = NO;
				ENABLE_STRICT_OBJC_MSGSEND = YES;
				GCC_C_LANGUAGE_STANDARD = gnu11;
				GCC_NO_COMMON_BLOCKS = YES;
				GCC_WARN_64_TO_32_BIT_CONVERSION = YES;
				GCC_WARN_ABOUT_RETURN_TYPE = YES_ERROR;
				GCC_WARN_UNDECLARED_SELECTOR = YES;
				GCC_WARN_UNINITIALIZED_AUTOS = YES_AGGRESSIVE;
				GCC_WARN_UNUSED_FUNCTION = YES;
				GCC_WARN_UNUSED_VARIABLE = YES;
				IPHONEOS_DEPLOYMENT_TARGET = 15.2;
				MTL_ENABLE_DEBUG_INFO = NO;
				MTL_FAST_MATH = YES;
				SDKROOT = iphoneos;
				SWIFT_COMPILATION_MODE = wholemodule;
				SWIFT_OPTIMIZATION_LEVEL = "-O";
				VALIDATE_PRODUCT = YES;
			};
			name = Release;
		};
		C47E7A1427D3D11500A19EE8 /* Debug */ = {
			isa = XCBuildConfiguration;
			buildSettings = {
				ASSETCATALOG_COMPILER_APPICON_NAME = AppIcon;
				ASSETCATALOG_COMPILER_GLOBAL_ACCENT_COLOR_NAME = AccentColor;
				CODE_SIGN_STYLE = Automatic;
				CURRENT_PROJECT_VERSION = 1;
				DEVELOPMENT_TEAM = UHVS3L828Q;
				GENERATE_INFOPLIST_FILE = YES;
				INFOPLIST_FILE = CDDemo/Info.plist;
				INFOPLIST_KEY_UIApplicationSupportsIndirectInputEvents = YES;
				INFOPLIST_KEY_UILaunchStoryboardName = LaunchScreen;
				INFOPLIST_KEY_UIMainStoryboardFile = Main;
				INFOPLIST_KEY_UISupportedInterfaceOrientations_iPad = "UIInterfaceOrientationPortrait UIInterfaceOrientationPortraitUpsideDown UIInterfaceOrientationLandscapeLeft UIInterfaceOrientationLandscapeRight";
				INFOPLIST_KEY_UISupportedInterfaceOrientations_iPhone = "UIInterfaceOrientationPortrait UIInterfaceOrientationLandscapeLeft UIInterfaceOrientationLandscapeRight";
				LD_RUNPATH_SEARCH_PATHS = (
					"$(inherited)",
					"@executable_path/Frameworks",
				);
				MARKETING_VERSION = 1.0;
				PRODUCT_BUNDLE_IDENTIFIER = com.demo.gbuela.cddemo.CDDemo;
				PRODUCT_NAME = "$(TARGET_NAME)";
				SWIFT_EMIT_LOC_STRINGS = YES;
				SWIFT_VERSION = 5.0;
				TARGETED_DEVICE_FAMILY = "1,2";
			};
			name = Debug;
		};
		C47E7A1527D3D11500A19EE8 /* Release */ = {
			isa = XCBuildConfiguration;
			buildSettings = {
				ASSETCATALOG_COMPILER_APPICON_NAME = AppIcon;
				ASSETCATALOG_COMPILER_GLOBAL_ACCENT_COLOR_NAME = AccentColor;
				CODE_SIGN_STYLE = Automatic;
				CURRENT_PROJECT_VERSION = 1;
				DEVELOPMENT_TEAM = UHVS3L828Q;
				GENERATE_INFOPLIST_FILE = YES;
				INFOPLIST_FILE = CDDemo/Info.plist;
				INFOPLIST_KEY_UIApplicationSupportsIndirectInputEvents = YES;
				INFOPLIST_KEY_UILaunchStoryboardName = LaunchScreen;
				INFOPLIST_KEY_UIMainStoryboardFile = Main;
				INFOPLIST_KEY_UISupportedInterfaceOrientations_iPad = "UIInterfaceOrientationPortrait UIInterfaceOrientationPortraitUpsideDown UIInterfaceOrientationLandscapeLeft UIInterfaceOrientationLandscapeRight";
				INFOPLIST_KEY_UISupportedInterfaceOrientations_iPhone = "UIInterfaceOrientationPortrait UIInterfaceOrientationLandscapeLeft UIInterfaceOrientationLandscapeRight";
				LD_RUNPATH_SEARCH_PATHS = (
					"$(inherited)",
					"@executable_path/Frameworks",
				);
				MARKETING_VERSION = 1.0;
				PRODUCT_BUNDLE_IDENTIFIER = com.demo.gbuela.cddemo.CDDemo;
				PRODUCT_NAME = "$(TARGET_NAME)";
				SWIFT_EMIT_LOC_STRINGS = YES;
				SWIFT_VERSION = 5.0;
				TARGETED_DEVICE_FAMILY = "1,2";
			};
			name = Release;
		};
/* End XCBuildConfiguration section */

/* Begin XCConfigurationList section */
		C47E79FA27D3D11000A19EE8 /* Build configuration list for PBXProject "CDDemo" */ = {
			isa = XCConfigurationList;
			buildConfigurations = (
				C47E7A1127D3D11500A19EE8 /* Debug */,
				C47E7A1227D3D11500A19EE8 /* Release */,
			);
			defaultConfigurationIsVisible = 0;
			defaultConfigurationName = Release;
		};
		C47E7A1327D3D11500A19EE8 /* Build configuration list for PBXNativeTarget "CDDemo" */ = {
			isa = XCConfigurationList;
			buildConfigurations = (
				C47E7A1427D3D11500A19EE8 /* Debug */,
				C47E7A1527D3D11500A19EE8 /* Release */,
			);
			defaultConfigurationIsVisible = 0;
			defaultConfigurationName = Release;
		};
/* End XCConfigurationList section */
	};
	rootObject = C47E79F727D3D11000A19EE8 /* Project object */;
}
